<?xml version="1.0" encoding="utf-8"?>
<Project ToolsVersion="4.0" xmlns="http://schemas.microsoft.com/developer/msbuild/2003">
  <ItemGroup>
    <ClCompile Include="DX11Render.cpp" />
    <ClCompile Include="Graphics.cpp" />
    <ClCompile Include="InputSystem.cpp" />
    <ClCompile Include="Move.cpp" />
    <ClCompile Include="Game.cpp" />
    <ClCompile Include="Main.cpp" />
    <ClCompile Include="stdafx.cpp" />
    <ClCompile Include="World.cpp" />
    <ClCompile Include="ShaderManager.cpp" />
    <ClCompile Include="IRenderable.cpp" />
    <ClCompile Include="Camera.cpp" />
    <ClCompile Include="GameObserver.cpp" />
  </ItemGroup>
  <ItemGroup>
    <ClInclude Include="BotAPI.h" />
    <ClInclude Include="Callback.h" />
    <ClInclude Include="DX11Render.h" />
    <ClInclude Include="Graphics.h" />
    <ClInclude Include="InputSystem.h" />
    <ClInclude Include="Move.h" />
    <ClInclude Include="Singleton.h" />
    <ClInclude Include="Game.h" />
    <ClInclude Include="GameObject.h" />
    <ClInclude Include="TankControl.h" />
    <ClInclude Include="stdafx.h" />
    <ClInclude Include="Tank.h" />
    <ClInclude Include="targetver.h" />
    <ClInclude Include="Vector.h" />
    <ClInclude Include="World.h" />
    <ClInclude Include="D3D.h" />
    <ClInclude Include="ShaderManager.h" />
    <ClInclude Include="IRenderable.h" />
    <ClInclude Include="Camera.h" />
    <ClInclude Include="Math.h" />
    <ClInclude Include="GameObserver.h" />
  </ItemGroup>
  <ItemGroup>
    <Text Include="ReadMe.txt" />
  </ItemGroup>
  <ItemGroup>
    <FxCompile Include="PixelShader.hlsl" />
    <FxCompile Include="VertexShader.hlsl" />
  </ItemGroup>
</Project>